// !$*UTF8*$!
{
	archiveVersion = 1;
	classes = {
	};
	objectVersion = 56;
	objects = {

/* Begin PBXBuildFile section */
		7512AF772A0FA3CF0083E132 /* CombinePlaygroundsApp.swift in Sources */ = {isa = PBXBuildFile; fileRef = 7512AF762A0FA3CF0083E132 /* CombinePlaygroundsApp.swift */; };
		7512AF792A0FA3CF0083E132 /* ContentView.swift in Sources */ = {isa = PBXBuildFile; fileRef = 7512AF782A0FA3CF0083E132 /* ContentView.swift */; };
		7512AF7B2A0FA3D00083E132 /* Assets.xcassets in Resources */ = {isa = PBXBuildFile; fileRef = 7512AF7A2A0FA3D00083E132 /* Assets.xcassets */; };
		7512AF7E2A0FA3D00083E132 /* Preview Assets.xcassets in Resources */ = {isa = PBXBuildFile; fileRef = 7512AF7D2A0FA3D00083E132 /* Preview Assets.xcassets */; };
		7512AF882A0FA3D00083E132 /* CombinePlaygroundsTests.swift in Sources */ = {isa = PBXBuildFile; fileRef = 7512AF872A0FA3D00083E132 /* CombinePlaygroundsTests.swift */; };
		7512AF922A0FA3D00083E132 /* CombinePlaygroundsUITests.swift in Sources */ = {isa = PBXBuildFile; fileRef = 7512AF912A0FA3D00083E132 /* CombinePlaygroundsUITests.swift */; };
		7512AF942A0FA3D00083E132 /* CombinePlaygroundsUITestsLaunchTests.swift in Sources */ = {isa = PBXBuildFile; fileRef = 7512AF932A0FA3D00083E132 /* CombinePlaygroundsUITestsLaunchTests.swift */; };
/* End PBXBuildFile section */

/* Begin PBXContainerItemProxy section */
		7512AF842A0FA3D00083E132 /* PBXContainerItemProxy */ = {
			isa = PBXContainerItemProxy;
			containerPortal = 7512AF6B2A0FA3CF0083E132 /* Project object */;
			proxyType = 1;
			remoteGlobalIDString = 7512AF722A0FA3CF0083E132;
			remoteInfo = CombinePlaygrounds;
		};
		7512AF8E2A0FA3D00083E132 /* PBXContainerItemProxy */ = {
			isa = PBXContainerItemProxy;
			containerPortal = 7512AF6B2A0FA3CF0083E132 /* Project object */;
			proxyType = 1;
			remoteGlobalIDString = 7512AF722A0FA3CF0083E132;
			remoteInfo = CombinePlaygrounds;
		};
/* End PBXContainerItemProxy section */

/* Begin PBXFileReference section */
		7512AF732A0FA3CF0083E132 /* CombinePlaygrounds.app */ = {isa = PBXFileReference; explicitFileType = wrapper.application; includeInIndex = 0; path = CombinePlaygrounds.app; sourceTree = BUILT_PRODUCTS_DIR; };
		7512AF762A0FA3CF0083E132 /* CombinePlaygroundsApp.swift */ = {isa = PBXFileReference; lastKnownFileType = sourcecode.swift; path = CombinePlaygroundsApp.swift; sourceTree = "<group>"; };
		7512AF782A0FA3CF0083E132 /* ContentView.swift */ = {isa = PBXFileReference; lastKnownFileType = sourcecode.swift; path = ContentView.swift; sourceTree = "<group>"; };
		7512AF7A2A0FA3D00083E132 /* Assets.xcassets */ = {isa = PBXFileReference; lastKnownFileType = folder.assetcatalog; path = Assets.xcassets; sourceTree = "<group>"; };
		7512AF7D2A0FA3D00083E132 /* Preview Assets.xcassets */ = {isa = PBXFileReference; lastKnownFileType = folder.assetcatalog; path = "Preview Assets.xcassets"; sourceTree = "<group>"; };
		7512AF832A0FA3D00083E132 /* CombinePlaygroundsTests.xctest */ = {isa = PBXFileReference; explicitFileType = wrapper.cfbundle; includeInIndex = 0; path = CombinePlaygroundsTests.xctest; sourceTree = BUILT_PRODUCTS_DIR; };
		7512AF872A0FA3D00083E132 /* CombinePlaygroundsTests.swift */ = {isa = PBXFileReference; lastKnownFileType = sourcecode.swift; path = CombinePlaygroundsTests.swift; sourceTree = "<group>"; };
		7512AF8D2A0FA3D00083E132 /* CombinePlaygroundsUITests.xctest */ = {isa = PBXFileReference; explicitFileType = wrapper.cfbundle; includeInIndex = 0; path = CombinePlaygroundsUITests.xctest; sourceTree = BUILT_PRODUCTS_DIR; };
		7512AF912A0FA3D00083E132 /* CombinePlaygroundsUITests.swift */ = {isa = PBXFileReference; lastKnownFileType = sourcecode.swift; path = CombinePlaygroundsUITests.swift; sourceTree = "<group>"; };
		7512AF932A0FA3D00083E132 /* CombinePlaygroundsUITestsLaunchTests.swift */ = {isa = PBXFileReference; lastKnownFileType = sourcecode.swift; path = CombinePlaygroundsUITestsLaunchTests.swift; sourceTree = "<group>"; };
/* End PBXFileReference section */

/* Begin PBXFrameworksBuildPhase section */
		7512AF702A0FA3CF0083E132 /* Frameworks */ = {
			isa = PBXFrameworksBuildPhase;
			buildActionMask = 2147483647;
			files = (
			);
			runOnlyForDeploymentPostprocessing = 0;
		};
		7512AF802A0FA3D00083E132 /* Frameworks */ = {
			isa = PBXFrameworksBuildPhase;
			buildActionMask = 2147483647;
			files = (
			);
			runOnlyForDeploymentPostprocessing = 0;
		};
		7512AF8A2A0FA3D00083E132 /* Frameworks */ = {
			isa = PBXFrameworksBuildPhase;
			buildActionMask = 2147483647;
			files = (
			);
			runOnlyForDeploymentPostprocessing = 0;
		};
/* End PBXFrameworksBuildPhase section */

/* Begin PBXGroup section */
		7512AF6A2A0FA3CF0083E132 = {
			isa = PBXGroup;
			children = (
				7512AF752A0FA3CF0083E132 /* CombinePlaygrounds */,
				7512AF862A0FA3D00083E132 /* CombinePlaygroundsTests */,
				7512AF902A0FA3D00083E132 /* CombinePlaygroundsUITests */,
				7512AF742A0FA3CF0083E132 /* Products */,
			);
			sourceTree = "<group>";
		};
		7512AF742A0FA3CF0083E132 /* Products */ = {
			isa = PBXGroup;
			children = (
				7512AF732A0FA3CF0083E132 /* CombinePlaygrounds.app */,
				7512AF832A0FA3D00083E132 /* CombinePlaygroundsTests.xctest */,
				7512AF8D2A0FA3D00083E132 /* CombinePlaygroundsUITests.xctest */,
			);
			name = Products;
			sourceTree = "<group>";
		};
		7512AF752A0FA3CF0083E132 /* CombinePlaygrounds */ = {
			isa = PBXGroup;
			children = (
				7512AF762A0FA3CF0083E132 /* CombinePlaygroundsApp.swift */,
				7512AF782A0FA3CF0083E132 /* ContentView.swift */,
				7512AF7A2A0FA3D00083E132 /* Assets.xcassets */,
				7512AF7C2A0FA3D00083E132 /* Preview Content */,
			);
			path = CombinePlaygrounds;
			sourceTree = "<group>";
		};
		7512AF7C2A0FA3D00083E132 /* Preview Content */ = {
			isa = PBXGroup;
			children = (
				7512AF7D2A0FA3D00083E132 /* Preview Assets.xcassets */,
			);
			path = "Preview Content";
			sourceTree = "<group>";
		};
		7512AF862A0FA3D00083E132 /* CombinePlaygroundsTests */ = {
			isa = PBXGroup;
			children = (
				7512AF872A0FA3D00083E132 /* CombinePlaygroundsTests.swift */,
			);
			path = CombinePlaygroundsTests;
			sourceTree = "<group>";
		};
		7512AF902A0FA3D00083E132 /* CombinePlaygroundsUITests */ = {
			isa = PBXGroup;
			children = (
				7512AF912A0FA3D00083E132 /* CombinePlaygroundsUITests.swift */,
				7512AF932A0FA3D00083E132 /* CombinePlaygroundsUITestsLaunchTests.swift */,
			);
			path = CombinePlaygroundsUITests;
			sourceTree = "<group>";
		};
/* End PBXGroup section */

/* Begin PBXNativeTarget section */
		7512AF722A0FA3CF0083E132 /* CombinePlaygrounds */ = {
			isa = PBXNativeTarget;
			buildConfigurationList = 7512AF972A0FA3D00083E132 /* Build configuration list for PBXNativeTarget "CombinePlaygrounds" */;
			buildPhases = (
				7512AF6F2A0FA3CF0083E132 /* Sources */,
				7512AF702A0FA3CF0083E132 /* Frameworks */,
				7512AF712A0FA3CF0083E132 /* Resources */,
			);
			buildRules = (
			);
			dependencies = (
			);
			name = CombinePlaygrounds;
			productName = CombinePlaygrounds;
			productReference = 7512AF732A0FA3CF0083E132 /* CombinePlaygrounds.app */;
			productType = "com.apple.product-type.application";
		};
		7512AF822A0FA3D00083E132 /* CombinePlaygroundsTests */ = {
			isa = PBXNativeTarget;
			buildConfigurationList = 7512AF9A2A0FA3D00083E132 /* Build configuration list for PBXNativeTarget "CombinePlaygroundsTests" */;
			buildPhases = (
				7512AF7F2A0FA3D00083E132 /* Sources */,
				7512AF802A0FA3D00083E132 /* Frameworks */,
				7512AF812A0FA3D00083E132 /* Resources */,
			);
			buildRules = (
			);
			dependencies = (
				7512AF852A0FA3D00083E132 /* PBXTargetDependency */,
			);
			name = CombinePlaygroundsTests;
			productName = CombinePlaygroundsTests;
			productReference = 7512AF832A0FA3D00083E132 /* CombinePlaygroundsTests.xctest */;
			productType = "com.apple.product-type.bundle.unit-test";
		};
		7512AF8C2A0FA3D00083E132 /* CombinePlaygroundsUITests */ = {
			isa = PBXNativeTarget;
			buildConfigurationList = 7512AF9D2A0FA3D00083E132 /* Build configuration list for PBXNativeTarget "CombinePlaygroundsUITests" */;
			buildPhases = (
				7512AF892A0FA3D00083E132 /* Sources */,
				7512AF8A2A0FA3D00083E132 /* Frameworks */,
				7512AF8B2A0FA3D00083E132 /* Resources */,
			);
			buildRules = (
			);
			dependencies = (
				7512AF8F2A0FA3D00083E132 /* PBXTargetDependency */,
			);
			name = CombinePlaygroundsUITests;
			productName = CombinePlaygroundsUITests;
			productReference = 7512AF8D2A0FA3D00083E132 /* CombinePlaygroundsUITests.xctest */;
			productType = "com.apple.product-type.bundle.ui-testing";
		};
/* End PBXNativeTarget section */

/* Begin PBXProject section */
		7512AF6B2A0FA3CF0083E132 /* Project object */ = {
			isa = PBXProject;
			attributes = {
				BuildIndependentTargetsInParallel = 1;
				LastSwiftUpdateCheck = 1430;
				LastUpgradeCheck = 1430;
				TargetAttributes = {
					7512AF722A0FA3CF0083E132 = {
						CreatedOnToolsVersion = 14.3;
					};
					7512AF822A0FA3D00083E132 = {
						CreatedOnToolsVersion = 14.3;
						TestTargetID = 7512AF722A0FA3CF0083E132;
					};
					7512AF8C2A0FA3D00083E132 = {
						CreatedOnToolsVersion = 14.3;
						TestTargetID = 7512AF722A0FA3CF0083E132;
					};
				};
			};
			buildConfigurationList = 7512AF6E2A0FA3CF0083E132 /* Build configuration list for PBXProject "CombinePlaygrounds" */;
			compatibilityVersion = "Xcode 14.0";
			developmentRegion = en;
			hasScannedForEncodings = 0;
			knownRegions = (
				en,
				Base,
			);
			mainGroup = 7512AF6A2A0FA3CF0083E132;
			productRefGroup = 7512AF742A0FA3CF0083E132 /* Products */;
			projectDirPath = "";
			projectRoot = "";
			targets = (
				7512AF722A0FA3CF0083E132 /* CombinePlaygrounds */,
				7512AF822A0FA3D00083E132 /* CombinePlaygroundsTests */,
				7512AF8C2A0FA3D00083E132 /* CombinePlaygroundsUITests */,
			);
		};
/* End PBXProject section */

/* Begin PBXResourcesBuildPhase section */
		7512AF712A0FA3CF0083E132 /* Resources */ = {
			isa = PBXResourcesBuildPhase;
			buildActionMask = 2147483647;
			files = (
				7512AF7E2A0FA3D00083E132 /* Preview Assets.xcassets in Resources */,
				7512AF7B2A0FA3D00083E132 /* Assets.xcassets in Resources */,
			);
			runOnlyForDeploymentPostprocessing = 0;
		};
		7512AF812A0FA3D00083E132 /* Resources */ = {
			isa = PBXResourcesBuildPhase;
			buildActionMask = 2147483647;
			files = (
			);
			runOnlyForDeploymentPostprocessing = 0;
		};
		7512AF8B2A0FA3D00083E132 /* Resources */ = {
			isa = PBXResourcesBuildPhase;
			buildActionMask = 2147483647;
			files = (
			);
			runOnlyForDeploymentPostprocessing = 0;
		};
/* End PBXResourcesBuildPhase section */

/* Begin PBXSourcesBuildPhase section */
		7512AF6F2A0FA3CF0083E132 /* Sources */ = {
			isa = PBXSourcesBuildPhase;
			buildActionMask = 2147483647;
			files = (
				7512AF792A0FA3CF0083E132 /* ContentView.swift in Sources */,
				7512AF772A0FA3CF0083E132 /* CombinePlaygroundsApp.swift in Sources */,
			);
			runOnlyForDeploymentPostprocessing = 0;
		};
		7512AF7F2A0FA3D00083E132 /* Sources */ = {
			isa = PBXSourcesBuildPhase;
			buildActionMask = 2147483647;
			files = (
				7512AF882A0FA3D00083E132 /* CombinePlaygroundsTests.swift in Sources */,
			);
			runOnlyForDeploymentPostprocessing = 0;
		};
		7512AF892A0FA3D00083E132 /* Sources */ = {
			isa = PBXSourcesBuildPhase;
			buildActionMask = 2147483647;
			files = (
				7512AF922A0FA3D00083E132 /* CombinePlaygroundsUITests.swift in Sources */,
				7512AF942A0FA3D00083E132 /* CombinePlaygroundsUITestsLaunchTests.swift in Sources */,
			);
			runOnlyForDeploymentPostprocessing = 0;
		};
/* End PBXSourcesBuildPhase section */

/* Begin PBXTargetDependency section */
		7512AF852A0FA3D00083E132 /* PBXTargetDependency */ = {
			isa = PBXTargetDependency;
			target = 7512AF722A0FA3CF0083E132 /* CombinePlaygrounds */;
			targetProxy = 7512AF842A0FA3D00083E132 /* PBXContainerItemProxy */;
		};
		7512AF8F2A0FA3D00083E132 /* PBXTargetDependency */ = {
			isa = PBXTargetDependency;
			target = 7512AF722A0FA3CF0083E132 /* CombinePlaygrounds */;
			targetProxy = 7512AF8E2A0FA3D00083E132 /* PBXContainerItemProxy */;
		};
/* End PBXTargetDependency section */

/* Begin XCBuildConfiguration section */
		7512AF952A0FA3D00083E132 /* Debug */ = {
			isa = XCBuildConfiguration;
			buildSettings = {
				ALWAYS_SEARCH_USER_PATHS = NO;
				CLANG_ANALYZER_NONNULL = YES;
				CLANG_ANALYZER_NUMBER_OBJECT_CONVERSION = YES_AGGRESSIVE;
				CLANG_CXX_LANGUAGE_STANDARD = "gnu++20";
				CLANG_ENABLE_MODULES = YES;
				CLANG_ENABLE_OBJC_ARC = YES;
				CLANG_ENABLE_OBJC_WEAK = YES;
				CLANG_WARN_BLOCK_CAPTURE_AUTORELEASING = YES;
				CLANG_WARN_BOOL_CONVERSION = YES;
				CLANG_WARN_COMMA = YES;
				CLANG_WARN_CONSTANT_CONVERSION = YES;
				CLANG_WARN_DEPRECATED_OBJC_IMPLEMENTATIONS = YES;
				CLANG_WARN_DIRECT_OBJC_ISA_USAGE = YES_ERROR;
				CLANG_WARN_DOCUMENTATION_COMMENTS = YES;
				CLANG_WARN_EMPTY_BODY = YES;
				CLANG_WARN_ENUM_CONVERSION = YES;
				CLANG_WARN_INFINITE_RECURSION = YES;
				CLANG_WARN_INT_CONVERSION = YES;
				CLANG_WARN_NON_LITERAL_NULL_CONVERSION = YES;
				CLANG_WARN_OBJC_IMPLICIT_RETAIN_SELF = YES;
				CLANG_WARN_OBJC_LITERAL_CONVERSION = YES;
				CLANG_WARN_OBJC_ROOT_CLASS = YES_ERROR;
				CLANG_WARN_QUOTED_INCLUDE_IN_FRAMEWORK_HEADER = YES;
				CLANG_WARN_RANGE_LOOP_ANALYSIS = YES;
				CLANG_WARN_STRICT_PROTOTYPES = YES;
				CLANG_WARN_SUSPICIOUS_MOVE = YES;
				CLANG_WARN_UNGUARDED_AVAILABILITY = YES_AGGRESSIVE;
				CLANG_WARN_UNREACHABLE_CODE = YES;
				CLANG_WARN__DUPLICATE_METHOD_MATCH = YES;
				COPY_PHASE_STRIP = NO;
				DEBUG_INFORMATION_FORMAT = dwarf;
				ENABLE_STRICT_OBJC_MSGSEND = YES;
				ENABLE_TESTABILITY = YES;
				GCC_C_LANGUAGE_STANDARD = gnu11;
				GCC_DYNAMIC_NO_PIC = NO;
				GCC_NO_COMMON_BLOCKS = YES;
				GCC_OPTIMIZATION_LEVEL = 0;
				GCC_PREPROCESSOR_DEFINITIONS = (
					"DEBUG=1",
					"$(inherited)",
				);
				GCC_WARN_64_TO_32_BIT_CONVERSION = YES;
				GCC_WARN_ABOUT_RETURN_TYPE = YES_ERROR;
				GCC_WARN_UNDECLARED_SELECTOR = YES;
				GCC_WARN_UNINITIALIZED_AUTOS = YES_AGGRESSIVE;
				GCC_WARN_UNUSED_FUNCTION = YES;
				GCC_WARN_UNUSED_VARIABLE = YES;
				IPHONEOS_DEPLOYMENT_TARGET = 16.4;
				MTL_ENABLE_DEBUG_INFO = INCLUDE_SOURCE;
				MTL_FAST_MATH = YES;
				ONLY_ACTIVE_ARCH = YES;
				SDKROOT = iphoneos;
				SWIFT_ACTIVE_COMPILATION_CONDITIONS = DEBUG;
				SWIFT_OPTIMIZATION_LEVEL = "-Onone";
			};
			name = Debug;
		};
		7512AF962A0FA3D00083E132 /* Release */ = {
			isa = XCBuildConfiguration;
			buildSettings = {
				ALWAYS_SEARCH_USER_PATHS = NO;
				CLANG_ANALYZER_NONNULL = YES;
				CLANG_ANALYZER_NUMBER_OBJECT_CONVERSION = YES_AGGRESSIVE;
				CLANG_CXX_LANGUAGE_STANDARD = "gnu++20";
				CLANG_ENABLE_MODULES = YES;
				CLANG_ENABLE_OBJC_ARC = YES;
				CLANG_ENABLE_OBJC_WEAK = YES;
				CLANG_WARN_BLOCK_CAPTURE_AUTORELEASING = YES;
				CLANG_WARN_BOOL_CONVERSION = YES;
				CLANG_WARN_COMMA = YES;
				CLANG_WARN_CONSTANT_CONVERSION = YES;
				CLANG_WARN_DEPRECATED_OBJC_IMPLEMENTATIONS = YES;
				CLANG_WARN_DIRECT_OBJC_ISA_USAGE = YES_ERROR;
				CLANG_WARN_DOCUMENTATION_COMMENTS = YES;
				CLANG_WARN_EMPTY_BODY = YES;
				CLANG_WARN_ENUM_CONVERSION = YES;
				CLANG_WARN_INFINITE_RECURSION = YES;
				CLANG_WARN_INT_CONVERSION = YES;
				CLANG_WARN_NON_LITERAL_NULL_CONVERSION = YES;
				CLANG_WARN_OBJC_IMPLICIT_RETAIN_SELF = YES;
				CLANG_WARN_OBJC_LITERAL_CONVERSION = YES;
				CLANG_WARN_OBJC_ROOT_CLASS = YES_ERROR;
				CLANG_WARN_QUOTED_INCLUDE_IN_FRAMEWORK_HEADER = YES;
				CLANG_WARN_RANGE_LOOP_ANALYSIS = YES;
				CLANG_WARN_STRICT_PROTOTYPES = YES;
				CLANG_WARN_SUSPICIOUS_MOVE = YES;
				CLANG_WARN_UNGUARDED_AVAILABILITY = YES_AGGRESSIVE;
				CLANG_WARN_UNREACHABLE_CODE = YES;
				CLANG_WARN__DUPLICATE_METHOD_MATCH = YES;
				COPY_PHASE_STRIP = NO;
				DEBUG_INFORMATION_FORMAT = "dwarf-with-dsym";
				ENABLE_NS_ASSERTIONS = NO;
				ENABLE_STRICT_OBJC_MSGSEND = YES;
				GCC_C_LANGUAGE_STANDARD = gnu11;
				GCC_NO_COMMON_BLOCKS = YES;
				GCC_WARN_64_TO_32_BIT_CONVERSION = YES;
				GCC_WARN_ABOUT_RETURN_TYPE = YES_ERROR;
				GCC_WARN_UNDECLARED_SELECTOR = YES;
				GCC_WARN_UNINITIALIZED_AUTOS = YES_AGGRESSIVE;
				GCC_WARN_UNUSED_FUNCTION = YES;
				GCC_WARN_UNUSED_VARIABLE = YES;
				IPHONEOS_DEPLOYMENT_TARGET = 16.4;
				MTL_ENABLE_DEBUG_INFO = NO;
				MTL_FAST_MATH = YES;
				SDKROOT = iphoneos;
				SWIFT_COMPILATION_MODE = wholemodule;
				SWIFT_OPTIMIZATION_LEVEL = "-O";
				VALIDATE_PRODUCT = YES;
			};
			name = Release;
		};
		7512AF982A0FA3D00083E132 /* Debug */ = {
			isa = XCBuildConfiguration;
			buildSettings = {
				ASSETCATALOG_COMPILER_APPICON_NAME = AppIcon;
				ASSETCATALOG_COMPILER_GLOBAL_ACCENT_COLOR_NAME = AccentColor;
				CODE_SIGN_STYLE = Automatic;
				CURRENT_PROJECT_VERSION = 1;
				DEVELOPMENT_ASSET_PATHS = "\"CombinePlaygrounds/Preview Content\"";
				DEVELOPMENT_TEAM = 47X734N754;
				ENABLE_PREVIEWS = YES;
				GENERATE_INFOPLIST_FILE = YES;
				INFOPLIST_KEY_UIApplicationSceneManifest_Generation = YES;
				INFOPLIST_KEY_UIApplicationSupportsIndirectInputEvents = YES;
				INFOPLIST_KEY_UILaunchScreen_Generation = YES;
				INFOPLIST_KEY_UISupportedInterfaceOrientations_iPad = "UIInterfaceOrientationPortrait UIInterfaceOrientationPortraitUpsideDown UIInterfaceOrientationLandscapeLeft UIInterfaceOrientationLandscapeRight";
				INFOPLIST_KEY_UISupportedInterfaceOrientations_iPhone = "UIInterfaceOrientationPortrait UIInterfaceOrientationLandscapeLeft UIInterfaceOrientationLandscapeRight";
				LD_RUNPATH_SEARCH_PATHS = (
					"$(inherited)",
					"@executable_path/Frameworks",
				);
				MARKETING_VERSION = 1.0;
				PRODUCT_BUNDLE_IDENTIFIER = hedgehog.CombinePlaygrounds;
				PRODUCT_NAME = "$(TARGET_NAME)";
				SWIFT_EMIT_LOC_STRINGS = YES;
				SWIFT_VERSION = 5.0;
				TARGETED_DEVICE_FAMILY = "1,2";
			};
			name = Debug;
		};
		7512AF992A0FA3D00083E132 /* Release */ = {
			isa = XCBuildConfiguration;
			buildSettings = {
				ASSETCATALOG_COMPILER_APPICON_NAME = AppIcon;
				ASSETCATALOG_COMPILER_GLOBAL_ACCENT_COLOR_NAME = AccentColor;
				CODE_SIGN_STYLE = Automatic;
				CURRENT_PROJECT_VERSION = 1;
				DEVELOPMENT_ASSET_PATHS = "\"CombinePlaygrounds/Preview Content\"";
				DEVELOPMENT_TEAM = 47X734N754;
				ENABLE_PREVIEWS = YES;
				GENERATE_INFOPLIST_FILE = YES;
				INFOPLIST_KEY_UIApplicationSceneManifest_Generation = YES;
				INFOPLIST_KEY_UIApplicationSupportsIndirectInputEvents = YES;
				INFOPLIST_KEY_UILaunchScreen_Generation = YES;
				INFOPLIST_KEY_UISupportedInterfaceOrientations_iPad = "UIInterfaceOrientationPortrait UIInterfaceOrientationPortraitUpsideDown UIInterfaceOrientationLandscapeLeft UIInterfaceOrientationLandscapeRight";
				INFOPLIST_KEY_UISupportedInterfaceOrientations_iPhone = "UIInterfaceOrientationPortrait UIInterfaceOrientationLandscapeLeft UIInterfaceOrientationLandscapeRight";
				LD_RUNPATH_SEARCH_PATHS = (
					"$(inherited)",
					"@executable_path/Frameworks",
				);
				MARKETING_VERSION = 1.0;
				PRODUCT_BUNDLE_IDENTIFIER = hedgehog.CombinePlaygrounds;
				PRODUCT_NAME = "$(TARGET_NAME)";
				SWIFT_EMIT_LOC_STRINGS = YES;
				SWIFT_VERSION = 5.0;
				TARGETED_DEVICE_FAMILY = "1,2";
			};
			name = Release;
		};
		7512AF9B2A0FA3D00083E132 /* Debug */ = {
			isa = XCBuildConfiguration;
			buildSettings = {
				ALWAYS_EMBED_SWIFT_STANDARD_LIBRARIES = YES;
				BUNDLE_LOADER = "$(TEST_HOST)";
				CODE_SIGN_STYLE = Automatic;
				CURRENT_PROJECT_VERSION = 1;
				DEVELOPMENT_TEAM = 47X734N754;
				GENERATE_INFOPLIST_FILE = YES;
				IPHONEOS_DEPLOYMENT_TARGET = 16.4;
				MARKETING_VERSION = 1.0;
				PRODUCT_BUNDLE_IDENTIFIER = hedgehog.CombinePlaygroundsTests;
				PRODUCT_NAME = "$(TARGET_NAME)";
				SWIFT_EMIT_LOC_STRINGS = NO;
				SWIFT_VERSION = 5.0;
				TARGETED_DEVICE_FAMILY = "1,2";
				TEST_HOST = "$(BUILT_PRODUCTS_DIR)/CombinePlaygrounds.app/$(BUNDLE_EXECUTABLE_FOLDER_PATH)/CombinePlaygrounds";
			};
			name = Debug;
		};
		7512AF9C2A0FA3D00083E132 /* Release */ = {
			isa = XCBuildConfiguration;
			buildSettings = {
				ALWAYS_EMBED_SWIFT_STANDARD_LIBRARIES = YES;
				BUNDLE_LOADER = "$(TEST_HOST)";
				CODE_SIGN_STYLE = Automatic;
				CURRENT_PROJECT_VERSION = 1;
				DEVELOPMENT_TEAM = 47X734N754;
				GENERATE_INFOPLIST_FILE = YES;
				IPHONEOS_DEPLOYMENT_TARGET = 16.4;
				MARKETING_VERSION = 1.0;
				PRODUCT_BUNDLE_IDENTIFIER = hedgehog.CombinePlaygroundsTests;
				PRODUCT_NAME = "$(TARGET_NAME)";
				SWIFT_EMIT_LOC_STRINGS = NO;
				SWIFT_VERSION = 5.0;
				TARGETED_DEVICE_FAMILY = "1,2";
				TEST_HOST = "$(BUILT_PRODUCTS_DIR)/CombinePlaygrounds.app/$(BUNDLE_EXECUTABLE_FOLDER_PATH)/CombinePlaygrounds";
			};
			name = Release;
		};
		7512AF9E2A0FA3D00083E132 /* Debug */ = {
			isa = XCBuildConfiguration;
			buildSettings = {
				ALWAYS_EMBED_SWIFT_STANDARD_LIBRARIES = YES;
				CODE_SIGN_STYLE = Automatic;
				CURRENT_PROJECT_VERSION = 1;
				DEVELOPMENT_TEAM = 47X734N754;
				GENERATE_INFOPLIST_FILE = YES;
				MARKETING_VERSION = 1.0;
				PRODUCT_BUNDLE_IDENTIFIER = hedgehog.CombinePlaygroundsUITests;
				PRODUCT_NAME = "$(TARGET_NAME)";
				SWIFT_EMIT_LOC_STRINGS = NO;
				SWIFT_VERSION = 5.0;
				TARGETED_DEVICE_FAMILY = "1,2";
				TEST_TARGET_NAME = CombinePlaygrounds;
			};
			name = Debug;
		};
		7512AF9F2A0FA3D00083E132 /* Release */ = {
			isa = XCBuildConfiguration;
			buildSettings = {
				ALWAYS_EMBED_SWIFT_STANDARD_LIBRARIES = YES;
				CODE_SIGN_STYLE = Automatic;
				CURRENT_PROJECT_VERSION = 1;
				DEVELOPMENT_TEAM = 47X734N754;
				GENERATE_INFOPLIST_FILE = YES;
				MARKETING_VERSION = 1.0;
				PRODUCT_BUNDLE_IDENTIFIER = hedgehog.CombinePlaygroundsUITests;
				PRODUCT_NAME = "$(TARGET_NAME)";
				SWIFT_EMIT_LOC_STRINGS = NO;
				SWIFT_VERSION = 5.0;
				TARGETED_DEVICE_FAMILY = "1,2";
				TEST_TARGET_NAME = CombinePlaygrounds;
			};
			name = Release;
		};
/* End XCBuildConfiguration section */

/* Begin XCConfigurationList section */
		7512AF6E2A0FA3CF0083E132 /* Build configuration list for PBXProject "CombinePlaygrounds" */ = {
			isa = XCConfigurationList;
			buildConfigurations = (
				7512AF952A0FA3D00083E132 /* Debug */,
				7512AF962A0FA3D00083E132 /* Release */,
			);
			defaultConfigurationIsVisible = 0;
			defaultConfigurationName = Release;
		};
		7512AF972A0FA3D00083E132 /* Build configuration list for PBXNativeTarget "CombinePlaygrounds" */ = {
			isa = XCConfigurationList;
			buildConfigurations = (
				7512AF982A0FA3D00083E132 /* Debug */,
				7512AF992A0FA3D00083E132 /* Release */,
			);
			defaultConfigurationIsVisible = 0;
			defaultConfigurationName = Release;
		};
		7512AF9A2A0FA3D00083E132 /* Build configuration list for PBXNativeTarget "CombinePlaygroundsTests" */ = {
			isa = XCConfigurationList;
			buildConfigurations = (
				7512AF9B2A0FA3D00083E132 /* Debug */,
				7512AF9C2A0FA3D00083E132 /* Release */,
			);
			defaultConfigurationIsVisible = 0;
			defaultConfigurationName = Release;
		};
		7512AF9D2A0FA3D00083E132 /* Build configuration list for PBXNativeTarget "CombinePlaygroundsUITests" */ = {
			isa = XCConfigurationList;
			buildConfigurations = (
				7512AF9E2A0FA3D00083E132 /* Debug */,
				7512AF9F2A0FA3D00083E132 /* Release */,
			);
			defaultConfigurationIsVisible = 0;
			defaultConfigurationName = Release;
		};
/* End XCConfigurationList section */
	};
	rootObject = 7512AF6B2A0FA3CF0083E132 /* Project object */;
}
